// !$*UTF8*$!
{
	archiveVersion = 1;
	classes = {
	};
	objectVersion = 48;
	objects = {

/* Begin PBXBuildFile section */
		BF1DE7042023EDED00C5F8EE /* AppDelegate.m in Sources */ = {isa = PBXBuildFile; fileRef = BF1DE7032023EDED00C5F8EE /* AppDelegate.m */; };
		BF1DE7072023EDED00C5F8EE /* ViewController.m in Sources */ = {isa = PBXBuildFile; fileRef = BF1DE7062023EDED00C5F8EE /* ViewController.m */; };
		BF1DE70A2023EDED00C5F8EE /* Main.storyboard in Resources */ = {isa = PBXBuildFile; fileRef = BF1DE7082023EDED00C5F8EE /* Main.storyboard */; };
		BF1DE70D2023EDED00C5F8EE /* TimeClock.xcdatamodeld in Sources */ = {isa = PBXBuildFile; fileRef = BF1DE70B2023EDED00C5F8EE /* TimeClock.xcdatamodeld */; };
		BF1DE70F2023EDED00C5F8EE /* Assets.xcassets in Resources */ = {isa = PBXBuildFile; fileRef = BF1DE70E2023EDED00C5F8EE /* Assets.xcassets */; };
		BF1DE7122023EDED00C5F8EE /* LaunchScreen.storyboard in Resources */ = {isa = PBXBuildFile; fileRef = BF1DE7102023EDED00C5F8EE /* LaunchScreen.storyboard */; };
		BF1DE7152023EDED00C5F8EE /* main.m in Sources */ = {isa = PBXBuildFile; fileRef = BF1DE7142023EDED00C5F8EE /* main.m */; };
		BF1DE71F2023EDED00C5F8EE /* TimeClockTests.m in Sources */ = {isa = PBXBuildFile; fileRef = BF1DE71E2023EDED00C5F8EE /* TimeClockTests.m */; };
		BF1DE72A2023EDED00C5F8EE /* TimeClockUITests.m in Sources */ = {isa = PBXBuildFile; fileRef = BF1DE7292023EDED00C5F8EE /* TimeClockUITests.m */; };
		BF1DE73A2023FB8000C5F8EE /* ClockDialView.m in Sources */ = {isa = PBXBuildFile; fileRef = BF1DE7392023FB8000C5F8EE /* ClockDialView.m */; };
/* End PBXBuildFile section */

/* Begin PBXContainerItemProxy section */
		BF1DE71B2023EDED00C5F8EE /* PBXContainerItemProxy */ = {
			isa = PBXContainerItemProxy;
			containerPortal = BF1DE6F72023EDED00C5F8EE /* Project object */;
			proxyType = 1;
			remoteGlobalIDString = BF1DE6FE2023EDED00C5F8EE;
			remoteInfo = TimeClock;
		};
		BF1DE7262023EDED00C5F8EE /* PBXContainerItemProxy */ = {
			isa = PBXContainerItemProxy;
			containerPortal = BF1DE6F72023EDED00C5F8EE /* Project object */;
			proxyType = 1;
			remoteGlobalIDString = BF1DE6FE2023EDED00C5F8EE;
			remoteInfo = TimeClock;
		};
/* End PBXContainerItemProxy section */

/* Begin PBXFileReference section */
		BF1DE6FF2023EDED00C5F8EE /* TimeClock.app */ = {isa = PBXFileReference; explicitFileType = wrapper.application; includeInIndex = 0; path = TimeClock.app; sourceTree = BUILT_PRODUCTS_DIR; };
		BF1DE7022023EDED00C5F8EE /* AppDelegate.h */ = {isa = PBXFileReference; lastKnownFileType = sourcecode.c.h; path = AppDelegate.h; sourceTree = "<group>"; };
		BF1DE7032023EDED00C5F8EE /* AppDelegate.m */ = {isa = PBXFileReference; lastKnownFileType = sourcecode.c.objc; path = AppDelegate.m; sourceTree = "<group>"; };
		BF1DE7052023EDED00C5F8EE /* ViewController.h */ = {isa = PBXFileReference; lastKnownFileType = sourcecode.c.h; path = ViewController.h; sourceTree = "<group>"; };
		BF1DE7062023EDED00C5F8EE /* ViewController.m */ = {isa = PBXFileReference; lastKnownFileType = sourcecode.c.objc; path = ViewController.m; sourceTree = "<group>"; };
		BF1DE7092023EDED00C5F8EE /* Base */ = {isa = PBXFileReference; lastKnownFileType = file.storyboard; name = Base; path = Base.lproj/Main.storyboard; sourceTree = "<group>"; };
		BF1DE70C2023EDED00C5F8EE /* TimeClock.xcdatamodel */ = {isa = PBXFileReference; lastKnownFileType = wrapper.xcdatamodel; path = TimeClock.xcdatamodel; sourceTree = "<group>"; };
		BF1DE70E2023EDED00C5F8EE /* Assets.xcassets */ = {isa = PBXFileReference; lastKnownFileType = folder.assetcatalog; path = Assets.xcassets; sourceTree = "<group>"; };
		BF1DE7112023EDED00C5F8EE /* Base */ = {isa = PBXFileReference; lastKnownFileType = file.storyboard; name = Base; path = Base.lproj/LaunchScreen.storyboard; sourceTree = "<group>"; };
		BF1DE7132023EDED00C5F8EE /* Info.plist */ = {isa = PBXFileReference; lastKnownFileType = text.plist.xml; path = Info.plist; sourceTree = "<group>"; };
		BF1DE7142023EDED00C5F8EE /* main.m */ = {isa = PBXFileReference; lastKnownFileType = sourcecode.c.objc; path = main.m; sourceTree = "<group>"; };
		BF1DE71A2023EDED00C5F8EE /* TimeClockTests.xctest */ = {isa = PBXFileReference; explicitFileType = wrapper.cfbundle; includeInIndex = 0; path = TimeClockTests.xctest; sourceTree = BUILT_PRODUCTS_DIR; };
		BF1DE71E2023EDED00C5F8EE /* TimeClockTests.m */ = {isa = PBXFileReference; lastKnownFileType = sourcecode.c.objc; path = TimeClockTests.m; sourceTree = "<group>"; };
		BF1DE7202023EDED00C5F8EE /* Info.plist */ = {isa = PBXFileReference; lastKnownFileType = text.plist.xml; path = Info.plist; sourceTree = "<group>"; };
		BF1DE7252023EDED00C5F8EE /* TimeClockUITests.xctest */ = {isa = PBXFileReference; explicitFileType = wrapper.cfbundle; includeInIndex = 0; path = TimeClockUITests.xctest; sourceTree = BUILT_PRODUCTS_DIR; };
		BF1DE7292023EDED00C5F8EE /* TimeClockUITests.m */ = {isa = PBXFileReference; lastKnownFileType = sourcecode.c.objc; path = TimeClockUITests.m; sourceTree = "<group>"; };
		BF1DE72B2023EDED00C5F8EE /* Info.plist */ = {isa = PBXFileReference; lastKnownFileType = text.plist.xml; path = Info.plist; sourceTree = "<group>"; };
		BF1DE7382023FB8000C5F8EE /* ClockDialView.h */ = {isa = PBXFileReference; lastKnownFileType = sourcecode.c.h; path = ClockDialView.h; sourceTree = "<group>"; };
		BF1DE7392023FB8000C5F8EE /* ClockDialView.m */ = {isa = PBXFileReference; lastKnownFileType = sourcecode.c.objc; path = ClockDialView.m; sourceTree = "<group>"; };
/* End PBXFileReference section */

/* Begin PBXFrameworksBuildPhase section */
		BF1DE6FC2023EDED00C5F8EE /* Frameworks */ = {
			isa = PBXFrameworksBuildPhase;
			buildActionMask = 2147483647;
			files = (
			);
			runOnlyForDeploymentPostprocessing = 0;
		};
		BF1DE7172023EDED00C5F8EE /* Frameworks */ = {
			isa = PBXFrameworksBuildPhase;
			buildActionMask = 2147483647;
			files = (
			);
			runOnlyForDeploymentPostprocessing = 0;
		};
		BF1DE7222023EDED00C5F8EE /* Frameworks */ = {
			isa = PBXFrameworksBuildPhase;
			buildActionMask = 2147483647;
			files = (
			);
			runOnlyForDeploymentPostprocessing = 0;
		};
/* End PBXFrameworksBuildPhase section */

/* Begin PBXGroup section */
		BF1DE6F62023EDED00C5F8EE = {
			isa = PBXGroup;
			children = (
				BF1DE7012023EDED00C5F8EE /* TimeClock */,
				BF1DE71D2023EDED00C5F8EE /* TimeClockTests */,
				BF1DE7282023EDED00C5F8EE /* TimeClockUITests */,
				BF1DE7002023EDED00C5F8EE /* Products */,
			);
			sourceTree = "<group>";
		};
		BF1DE7002023EDED00C5F8EE /* Products */ = {
			isa = PBXGroup;
			children = (
				BF1DE6FF2023EDED00C5F8EE /* TimeClock.app */,
				BF1DE71A2023EDED00C5F8EE /* TimeClockTests.xctest */,
				BF1DE7252023EDED00C5F8EE /* TimeClockUITests.xctest */,
			);
			name = Products;
			sourceTree = "<group>";
		};
		BF1DE7012023EDED00C5F8EE /* TimeClock */ = {
			isa = PBXGroup;
			children = (
				BF1DE7022023EDED00C5F8EE /* AppDelegate.h */,
				BF1DE7032023EDED00C5F8EE /* AppDelegate.m */,
				BF1DE7052023EDED00C5F8EE /* ViewController.h */,
				BF1DE7062023EDED00C5F8EE /* ViewController.m */,
				BF1DE7372023FB5F00C5F8EE /* View */,
				BF1DE7082023EDED00C5F8EE /* Main.storyboard */,
				BF1DE70E2023EDED00C5F8EE /* Assets.xcassets */,
				BF1DE7102023EDED00C5F8EE /* LaunchScreen.storyboard */,
				BF1DE7132023EDED00C5F8EE /* Info.plist */,
				BF1DE7142023EDED00C5F8EE /* main.m */,
				BF1DE70B2023EDED00C5F8EE /* TimeClock.xcdatamodeld */,
			);
			path = TimeClock;
			sourceTree = "<group>";
		};
		BF1DE71D2023EDED00C5F8EE /* TimeClockTests */ = {
			isa = PBXGroup;
			children = (
				BF1DE71E2023EDED00C5F8EE /* TimeClockTests.m */,
				BF1DE7202023EDED00C5F8EE /* Info.plist */,
			);
			path = TimeClockTests;
			sourceTree = "<group>";
		};
		BF1DE7282023EDED00C5F8EE /* TimeClockUITests */ = {
			isa = PBXGroup;
			children = (
				BF1DE7292023EDED00C5F8EE /* TimeClockUITests.m */,
				BF1DE72B2023EDED00C5F8EE /* Info.plist */,
			);
			path = TimeClockUITests;
			sourceTree = "<group>";
		};
		BF1DE7372023FB5F00C5F8EE /* View */ = {
			isa = PBXGroup;
			children = (
				BF1DE7382023FB8000C5F8EE /* ClockDialView.h */,
				BF1DE7392023FB8000C5F8EE /* ClockDialView.m */,
			);
			name = View;
			sourceTree = "<group>";
		};
/* End PBXGroup section */

/* Begin PBXNativeTarget section */
		BF1DE6FE2023EDED00C5F8EE /* TimeClock */ = {
			isa = PBXNativeTarget;
			buildConfigurationList = BF1DE72E2023EDED00C5F8EE /* Build configuration list for PBXNativeTarget "TimeClock" */;
			buildPhases = (
				BF1DE6FB2023EDED00C5F8EE /* Sources */,
				BF1DE6FC2023EDED00C5F8EE /* Frameworks */,
				BF1DE6FD2023EDED00C5F8EE /* Resources */,
			);
			buildRules = (
			);
			dependencies = (
			);
			name = TimeClock;
			productName = TimeClock;
			productReference = BF1DE6FF2023EDED00C5F8EE /* TimeClock.app */;
			productType = "com.apple.product-type.application";
		};
		BF1DE7192023EDED00C5F8EE /* TimeClockTests */ = {
			isa = PBXNativeTarget;
			buildConfigurationList = BF1DE7312023EDED00C5F8EE /* Build configuration list for PBXNativeTarget "TimeClockTests" */;
			buildPhases = (
				BF1DE7162023EDED00C5F8EE /* Sources */,
				BF1DE7172023EDED00C5F8EE /* Frameworks */,
				BF1DE7182023EDED00C5F8EE /* Resources */,
			);
			buildRules = (
			);
			dependencies = (
				BF1DE71C2023EDED00C5F8EE /* PBXTargetDependency */,
			);
			name = TimeClockTests;
			productName = TimeClockTests;
			productReference = BF1DE71A2023EDED00C5F8EE /* TimeClockTests.xctest */;
			productType = "com.apple.product-type.bundle.unit-test";
		};
		BF1DE7242023EDED00C5F8EE /* TimeClockUITests */ = {
			isa = PBXNativeTarget;
			buildConfigurationList = BF1DE7342023EDED00C5F8EE /* Build configuration list for PBXNativeTarget "TimeClockUITests" */;
			buildPhases = (
				BF1DE7212023EDED00C5F8EE /* Sources */,
				BF1DE7222023EDED00C5F8EE /* Frameworks */,
				BF1DE7232023EDED00C5F8EE /* Resources */,
			);
			buildRules = (
			);
			dependencies = (
				BF1DE7272023EDED00C5F8EE /* PBXTargetDependency */,
			);
			name = TimeClockUITests;
			productName = TimeClockUITests;
			productReference = BF1DE7252023EDED00C5F8EE /* TimeClockUITests.xctest */;
			productType = "com.apple.product-type.bundle.ui-testing";
		};
/* End PBXNativeTarget section */

/* Begin PBXProject section */
		BF1DE6F72023EDED00C5F8EE /* Project object */ = {
			isa = PBXProject;
			attributes = {
				LastUpgradeCheck = 0920;
				ORGANIZATIONNAME = "修怀忠";
				TargetAttributes = {
					BF1DE6FE2023EDED00C5F8EE = {
						CreatedOnToolsVersion = 9.2;
						ProvisioningStyle = Automatic;
					};
					BF1DE7192023EDED00C5F8EE = {
						CreatedOnToolsVersion = 9.2;
						ProvisioningStyle = Automatic;
						TestTargetID = BF1DE6FE2023EDED00C5F8EE;
					};
					BF1DE7242023EDED00C5F8EE = {
						CreatedOnToolsVersion = 9.2;
						ProvisioningStyle = Automatic;
						TestTargetID = BF1DE6FE2023EDED00C5F8EE;
					};
				};
			};
			buildConfigurationList = BF1DE6FA2023EDED00C5F8EE /* Build configuration list for PBXProject "TimeClock" */;
			compatibilityVersion = "Xcode 8.0";
			developmentRegion = en;
			hasScannedForEncodings = 0;
			knownRegions = (
				en,
				Base,
			);
			mainGroup = BF1DE6F62023EDED00C5F8EE;
			productRefGroup = BF1DE7002023EDED00C5F8EE /* Products */;
			projectDirPath = "";
			projectRoot = "";
			targets = (
				BF1DE6FE2023EDED00C5F8EE /* TimeClock */,
				BF1DE7192023EDED00C5F8EE /* TimeClockTests */,
				BF1DE7242023EDED00C5F8EE /* TimeClockUITests */,
			);
		};
/* End PBXProject section */

/* Begin PBXResourcesBuildPhase section */
		BF1DE6FD2023EDED00C5F8EE /* Resources */ = {
			isa = PBXResourcesBuildPhase;
			buildActionMask = 2147483647;
			files = (
				BF1DE7122023EDED00C5F8EE /* LaunchScreen.storyboard in Resources */,
				BF1DE70F2023EDED00C5F8EE /* Assets.xcassets in Resources */,
				BF1DE70A2023EDED00C5F8EE /* Main.storyboard in Resources */,
			);
			runOnlyForDeploymentPostprocessing = 0;
		};
		BF1DE7182023EDED00C5F8EE /* Resources */ = {
			isa = PBXResourcesBuildPhase;
			buildActionMask = 2147483647;
			files = (
			);
			runOnlyForDeploymentPostprocessing = 0;
		};
		BF1DE7232023EDED00C5F8EE /* Resources */ = {
			isa = PBXResourcesBuildPhase;
			buildActionMask = 2147483647;
			files = (
			);
			runOnlyForDeploymentPostprocessing = 0;
		};
/* End PBXResourcesBuildPhase section */

/* Begin PBXSourcesBuildPhase section */
		BF1DE6FB2023EDED00C5F8EE /* Sources */ = {
			isa = PBXSourcesBuildPhase;
			buildActionMask = 2147483647;
			files = (
				BF1DE73A2023FB8000C5F8EE /* ClockDialView.m in Sources */,
				BF1DE70D2023EDED00C5F8EE /* TimeClock.xcdatamodeld in Sources */,
				BF1DE7072023EDED00C5F8EE /* ViewController.m in Sources */,
				BF1DE7152023EDED00C5F8EE /* main.m in Sources */,
				BF1DE7042023EDED00C5F8EE /* AppDelegate.m in Sources */,
			);
			runOnlyForDeploymentPostprocessing = 0;
		};
		BF1DE7162023EDED00C5F8EE /* Sources */ = {
			isa = PBXSourcesBuildPhase;
			buildActionMask = 2147483647;
			files = (
				BF1DE71F2023EDED00C5F8EE /* TimeClockTests.m in Sources */,
			);
			runOnlyForDeploymentPostprocessing = 0;
		};
		BF1DE7212023EDED00C5F8EE /* Sources */ = {
			isa = PBXSourcesBuildPhase;
			buildActionMask = 2147483647;
			files = (
				BF1DE72A2023EDED00C5F8EE /* TimeClockUITests.m in Sources */,
			);
			runOnlyForDeploymentPostprocessing = 0;
		};
/* End PBXSourcesBuildPhase section */

/* Begin PBXTargetDependency section */
		BF1DE71C2023EDED00C5F8EE /* PBXTargetDependency */ = {
			isa = PBXTargetDependency;
			target = BF1DE6FE2023EDED00C5F8EE /* TimeClock */;
			targetProxy = BF1DE71B2023EDED00C5F8EE /* PBXContainerItemProxy */;
		};
		BF1DE7272023EDED00C5F8EE /* PBXTargetDependency */ = {
			isa = PBXTargetDependency;
			target = BF1DE6FE2023EDED00C5F8EE /* TimeClock */;
			targetProxy = BF1DE7262023EDED00C5F8EE /* PBXContainerItemProxy */;
		};
/* End PBXTargetDependency section */

/* Begin PBXVariantGroup section */
		BF1DE7082023EDED00C5F8EE /* Main.storyboard */ = {
			isa = PBXVariantGroup;
			children = (
				BF1DE7092023EDED00C5F8EE /* Base */,
			);
			name = Main.storyboard;
			sourceTree = "<group>";
		};
		BF1DE7102023EDED00C5F8EE /* LaunchScreen.storyboard */ = {
			isa = PBXVariantGroup;
			children = (
				BF1DE7112023EDED00C5F8EE /* Base */,
			);
			name = LaunchScreen.storyboard;
			sourceTree = "<group>";
		};
/* End PBXVariantGroup section */

/* Begin XCBuildConfiguration section */
		BF1DE72C2023EDED00C5F8EE /* Debug */ = {
			isa = XCBuildConfiguration;
			buildSettings = {
				ALWAYS_SEARCH_USER_PATHS = NO;
				CLANG_ANALYZER_NONNULL = YES;
				CLANG_ANALYZER_NUMBER_OBJECT_CONVERSION = YES_AGGRESSIVE;
				CLANG_CXX_LANGUAGE_STANDARD = "gnu++14";
				CLANG_CXX_LIBRARY = "libc++";
				CLANG_ENABLE_MODULES = YES;
				CLANG_ENABLE_OBJC_ARC = YES;
				CLANG_WARN_BLOCK_CAPTURE_AUTORELEASING = YES;
				CLANG_WARN_BOOL_CONVERSION = YES;
				CLANG_WARN_COMMA = YES;
				CLANG_WARN_CONSTANT_CONVERSION = YES;
				CLANG_WARN_DIRECT_OBJC_ISA_USAGE = YES_ERROR;
				CLANG_WARN_DOCUMENTATION_COMMENTS = YES;
				CLANG_WARN_EMPTY_BODY = YES;
				CLANG_WARN_ENUM_CONVERSION = YES;
				CLANG_WARN_INFINITE_RECURSION = YES;
				CLANG_WARN_INT_CONVERSION = YES;
				CLANG_WARN_NON_LITERAL_NULL_CONVERSION = YES;
				CLANG_WARN_OBJC_LITERAL_CONVERSION = YES;
				CLANG_WARN_OBJC_ROOT_CLASS = YES_ERROR;
				CLANG_WARN_RANGE_LOOP_ANALYSIS = YES;
				CLANG_WARN_STRICT_PROTOTYPES = YES;
				CLANG_WARN_SUSPICIOUS_MOVE = YES;
				CLANG_WARN_UNGUARDED_AVAILABILITY = YES_AGGRESSIVE;
				CLANG_WARN_UNREACHABLE_CODE = YES;
				CLANG_WARN__DUPLICATE_METHOD_MATCH = YES;
				CODE_SIGN_IDENTITY = "iPhone Developer";
				COPY_PHASE_STRIP = NO;
				DEBUG_INFORMATION_FORMAT = dwarf;
				ENABLE_STRICT_OBJC_MSGSEND = YES;
				ENABLE_TESTABILITY = YES;
				GCC_C_LANGUAGE_STANDARD = gnu11;
				GCC_DYNAMIC_NO_PIC = NO;
				GCC_NO_COMMON_BLOCKS = YES;
				GCC_OPTIMIZATION_LEVEL = 0;
				GCC_PREPROCESSOR_DEFINITIONS = (
					"DEBUG=1",
					"$(inherited)",
				);
				GCC_WARN_64_TO_32_BIT_CONVERSION = YES;
				GCC_WARN_ABOUT_RETURN_TYPE = YES_ERROR;
				GCC_WARN_UNDECLARED_SELECTOR = YES;
				GCC_WARN_UNINITIALIZED_AUTOS = YES_AGGRESSIVE;
				GCC_WARN_UNUSED_FUNCTION = YES;
				GCC_WARN_UNUSED_VARIABLE = YES;
				IPHONEOS_DEPLOYMENT_TARGET = 11.2;
				MTL_ENABLE_DEBUG_INFO = YES;
				ONLY_ACTIVE_ARCH = YES;
				SDKROOT = iphoneos;
			};
			name = Debug;
		};
		BF1DE72D2023EDED00C5F8EE /* Release */ = {
			isa = XCBuildConfiguration;
			buildSettings = {
				ALWAYS_SEARCH_USER_PATHS = NO;
				CLANG_ANALYZER_NONNULL = YES;
				CLANG_ANALYZER_NUMBER_OBJECT_CONVERSION = YES_AGGRESSIVE;
				CLANG_CXX_LANGUAGE_STANDARD = "gnu++14";
				CLANG_CXX_LIBRARY = "libc++";
				CLANG_ENABLE_MODULES = YES;
				CLANG_ENABLE_OBJC_ARC = YES;
				CLANG_WARN_BLOCK_CAPTURE_AUTORELEASING = YES;
				CLANG_WARN_BOOL_CONVERSION = YES;
				CLANG_WARN_COMMA = YES;
				CLANG_WARN_CONSTANT_CONVERSION = YES;
				CLANG_WARN_DIRECT_OBJC_ISA_USAGE = YES_ERROR;
				CLANG_WARN_DOCUMENTATION_COMMENTS = YES;
				CLANG_WARN_EMPTY_BODY = YES;
				CLANG_WARN_ENUM_CONVERSION = YES;
				CLANG_WARN_INFINITE_RECURSION = YES;
				CLANG_WARN_INT_CONVERSION = YES;
				CLANG_WARN_NON_LITERAL_NULL_CONVERSION = YES;
				CLANG_WARN_OBJC_LITERAL_CONVERSION = YES;
				CLANG_WARN_OBJC_ROOT_CLASS = YES_ERROR;
				CLANG_WARN_RANGE_LOOP_ANALYSIS = YES;
				CLANG_WARN_STRICT_PROTOTYPES = YES;
				CLANG_WARN_SUSPICIOUS_MOVE = YES;
				CLANG_WARN_UNGUARDED_AVAILABILITY = YES_AGGRESSIVE;
				CLANG_WARN_UNREACHABLE_CODE = YES;
				CLANG_WARN__DUPLICATE_METHOD_MATCH = YES;
				CODE_SIGN_IDENTITY = "iPhone Developer";
				COPY_PHASE_STRIP = NO;
				DEBUG_INFORMATION_FORMAT = "dwarf-with-dsym";
				ENABLE_NS_ASSERTIONS = NO;
				ENABLE_STRICT_OBJC_MSGSEND = YES;
				GCC_C_LANGUAGE_STANDARD = gnu11;
				GCC_NO_COMMON_BLOCKS = YES;
				GCC_WARN_64_TO_32_BIT_CONVERSION = YES;
				GCC_WARN_ABOUT_RETURN_TYPE = YES_ERROR;
				GCC_WARN_UNDECLARED_SELECTOR = YES;
				GCC_WARN_UNINITIALIZED_AUTOS = YES_AGGRESSIVE;
				GCC_WARN_UNUSED_FUNCTION = YES;
				GCC_WARN_UNUSED_VARIABLE = YES;
				IPHONEOS_DEPLOYMENT_TARGET = 11.2;
				MTL_ENABLE_DEBUG_INFO = NO;
				SDKROOT = iphoneos;
				VALIDATE_PRODUCT = YES;
			};
			name = Release;
		};
		BF1DE72F2023EDED00C5F8EE /* Debug */ = {
			isa = XCBuildConfiguration;
			buildSettings = {
				ASSETCATALOG_COMPILER_APPICON_NAME = AppIcon;
				CODE_SIGN_STYLE = Automatic;
				INFOPLIST_FILE = TimeClock/Info.plist;
				LD_RUNPATH_SEARCH_PATHS = "$(inherited) @executable_path/Frameworks";
				PRODUCT_BUNDLE_IDENTIFIER = "--.TimeClock";
				PRODUCT_NAME = "$(TARGET_NAME)";
				TARGETED_DEVICE_FAMILY = "1,2";
			};
			name = Debug;
		};
		BF1DE7302023EDED00C5F8EE /* Release */ = {
			isa = XCBuildConfiguration;
			buildSettings = {
				ASSETCATALOG_COMPILER_APPICON_NAME = AppIcon;
				CODE_SIGN_STYLE = Automatic;
				INFOPLIST_FILE = TimeClock/Info.plist;
				LD_RUNPATH_SEARCH_PATHS = "$(inherited) @executable_path/Frameworks";
				PRODUCT_BUNDLE_IDENTIFIER = "--.TimeClock";
				PRODUCT_NAME = "$(TARGET_NAME)";
				TARGETED_DEVICE_FAMILY = "1,2";
			};
			name = Release;
		};
		BF1DE7322023EDED00C5F8EE /* Debug */ = {
			isa = XCBuildConfiguration;
			buildSettings = {
				BUNDLE_LOADER = "$(TEST_HOST)";
				CODE_SIGN_STYLE = Automatic;
				INFOPLIST_FILE = TimeClockTests/Info.plist;
				LD_RUNPATH_SEARCH_PATHS = "$(inherited) @executable_path/Frameworks @loader_path/Frameworks";
				PRODUCT_BUNDLE_IDENTIFIER = "--.TimeClockTests";
				PRODUCT_NAME = "$(TARGET_NAME)";
				TARGETED_DEVICE_FAMILY = "1,2";
				TEST_HOST = "$(BUILT_PRODUCTS_DIR)/TimeClock.app/TimeClock";
			};
			name = Debug;
		};
		BF1DE7332023EDED00C5F8EE /* Release */ = {
			isa = XCBuildConfiguration;
			buildSettings = {
				BUNDLE_LOADER = "$(TEST_HOST)";
				CODE_SIGN_STYLE = Automatic;
				INFOPLIST_FILE = TimeClockTests/Info.plist;
				LD_RUNPATH_SEARCH_PATHS = "$(inherited) @executable_path/Frameworks @loader_path/Frameworks";
				PRODUCT_BUNDLE_IDENTIFIER = "--.TimeClockTests";
				PRODUCT_NAME = "$(TARGET_NAME)";
				TARGETED_DEVICE_FAMILY = "1,2";
				TEST_HOST = "$(BUILT_PRODUCTS_DIR)/TimeClock.app/TimeClock";
			};
			name = Release;
		};
		BF1DE7352023EDED00C5F8EE /* Debug */ = {
			isa = XCBuildConfiguration;
			buildSettings = {
				CODE_SIGN_STYLE = Automatic;
				INFOPLIST_FILE = TimeClockUITests/Info.plist;
				LD_RUNPATH_SEARCH_PATHS = "$(inherited) @executable_path/Frameworks @loader_path/Frameworks";
				PRODUCT_BUNDLE_IDENTIFIER = "--.TimeClockUITests";
				PRODUCT_NAME = "$(TARGET_NAME)";
				TARGETED_DEVICE_FAMILY = "1,2";
				TEST_TARGET_NAME = TimeClock;
			};
			name = Debug;
		};
		BF1DE7362023EDED00C5F8EE /* Release */ = {
			isa = XCBuildConfiguration;
			buildSettings = {
				CODE_SIGN_STYLE = Automatic;
				INFOPLIST_FILE = TimeClockUITests/Info.plist;
				LD_RUNPATH_SEARCH_PATHS = "$(inherited) @executable_path/Frameworks @loader_path/Frameworks";
				PRODUCT_BUNDLE_IDENTIFIER = "--.TimeClockUITests";
				PRODUCT_NAME = "$(TARGET_NAME)";
				TARGETED_DEVICE_FAMILY = "1,2";
				TEST_TARGET_NAME = TimeClock;
			};
			name = Release;
		};
/* End XCBuildConfiguration section */

/* Begin XCConfigurationList section */
		BF1DE6FA2023EDED00C5F8EE /* Build configuration list for PBXProject "TimeClock" */ = {
			isa = XCConfigurationList;
			buildConfigurations = (
				BF1DE72C2023EDED00C5F8EE /* Debug */,
				BF1DE72D2023EDED00C5F8EE /* Release */,
			);
			defaultConfigurationIsVisible = 0;
			defaultConfigurationName = Release;
		};
		BF1DE72E2023EDED00C5F8EE /* Build configuration list for PBXNativeTarget "TimeClock" */ = {
			isa = XCConfigurationList;
			buildConfigurations = (
				BF1DE72F2023EDED00C5F8EE /* Debug */,
				BF1DE7302023EDED00C5F8EE /* Release */,
			);
			defaultConfigurationIsVisible = 0;
			defaultConfigurationName = Release;
		};
		BF1DE7312023EDED00C5F8EE /* Build configuration list for PBXNativeTarget "TimeClockTests" */ = {
			isa = XCConfigurationList;
			buildConfigurations = (
				BF1DE7322023EDED00C5F8EE /* Debug */,
				BF1DE7332023EDED00C5F8EE /* Release */,
			);
			defaultConfigurationIsVisible = 0;
			defaultConfigurationName = Release;
		};
		BF1DE7342023EDED00C5F8EE /* Build configuration list for PBXNativeTarget "TimeClockUITests" */ = {
			isa = XCConfigurationList;
			buildConfigurations = (
				BF1DE7352023EDED00C5F8EE /* Debug */,
				BF1DE7362023EDED00C5F8EE /* Release */,
			);
			defaultConfigurationIsVisible = 0;
			defaultConfigurationName = Release;
		};
/* End XCConfigurationList section */

/* Begin XCVersionGroup section */
		BF1DE70B2023EDED00C5F8EE /* TimeClock.xcdatamodeld */ = {
			isa = XCVersionGroup;
			children = (
				BF1DE70C2023EDED00C5F8EE /* TimeClock.xcdatamodel */,
			);
			currentVersion = BF1DE70C2023EDED00C5F8EE /* TimeClock.xcdatamodel */;
			path = TimeClock.xcdatamodeld;
			sourceTree = "<group>";
			versionGroupType = wrapper.xcdatamodel;
		};
/* End XCVersionGroup section */
	};
	rootObject = BF1DE6F72023EDED00C5F8EE /* Project object */;
}
